Microsoft Visual Studio Solution File, Format Version 12.00
# Visual Studio Version 16
VisualStudioVersion = 16.0.0.0
MinimumVisualStudioVersion = 16.0.0.0
Project("{9A19103F-16F7-4668-BE54-9A1E7A4F7556}") = "PasswordBase", "PasswordBase\PasswordBase.csproj", "{399BADDD-9E00-46C0-998F-3051D9BC0192}"
EndProject
Project("{9A19103F-16F7-4668-BE54-9A1E7A4F7556}") = "PasswordBase.Client", "PasswordBase.Client\PasswordBase.Client.csproj", "{58208971-6729-41F5-B9CA-A739865D76F1}"
EndProject
Global
	GlobalSection(SolutionConfigurationPlatforms) = preSolution
		Debug|Any CPU = Debug|Any CPU
		Debug|x64 = Debug|x64
		Debug|x86 = Debug|x86
		Release|Any CPU = Release|Any CPU
		Release|x64 = Release|x64
		Release|x86 = Release|x86
	EndGlobalSection
	GlobalSection(ProjectConfigurationPlatforms) = postSolution
		{58208971-6729-41F5-B9CA-A739865D76F1}.Debug|Any CPU.ActiveCfg = Debug|Any CPU
		{58208971-6729-41F5-B9CA-A739865D76F1}.Debug|Any CPU.Build.0 = Debug|Any CPU
		{58208971-6729-41F5-B9CA-A739865D76F1}.Debug|x64.ActiveCfg = Debug|Any CPU
		{58208971-6729-41F5-B9CA-A739865D76F1}.Debug|x64.Build.0 = Debug|Any CPU
		{58208971-6729-41F5-B9CA-A739865D76F1}.Debug|x86.ActiveCfg = Debug|Any CPU
		{58208971-6729-41F5-B9CA-A739865D76F1}.Debug|x86.Build.0 = Debug|Any CPU
		{58208971-6729-41F5-B9CA-A739865D76F1}.Release|Any CPU.ActiveCfg = Release|Any CPU
		{58208971-6729-41F5-B9CA-A739865D76F1}.Release|Any CPU.Build.0 = Release|Any CPU
		{58208971-6729-41F5-B9CA-A739865D76F1}.Release|x64.ActiveCfg = Release|Any CPU
		{58208971-6729-41F5-B9CA-A739865D76F1}.Release|x64.Build.0 = Release|Any CPU
		{58208971-6729-41F5-B9CA-A739865D76F1}.Release|x86.ActiveCfg = Release|Any CPU
		{58208971-6729-41F5-B9CA-A739865D76F1}.Release|x86.Build.0 = Release|Any CPU
		{399BADDD-9E00-46C0-998F-3051D9BC0192}.Debug|Any CPU.ActiveCfg = Debug|Any CPU
		{399BADDD-9E00-46C0-998F-3051D9BC0192}.Debug|Any CPU.Build.0 = Debug|Any CPU
		{399BADDD-9E00-46C0-998F-3051D9BC0192}.Debug|x64.ActiveCfg = Debug|Any CPU
		{399BADDD-9E00-46C0-998F-3051D9BC0192}.Debug|x64.Build.0 = Debug|Any CPU
		{399BADDD-9E00-46C0-998F-3051D9BC0192}.Debug|x86.ActiveCfg = Debug|Any CPU
		{399BADDD-9E00-46C0-998F-3051D9BC0192}.Debug|x86.Build.0 = Debug|Any CPU
		{399BADDD-9E00-46C0-998F-3051D9BC0192}.Release|Any CPU.ActiveCfg = Release|Any CPU
		{399BADDD-9E00-46C0-998F-3051D9BC0192}.Release|Any CPU.Build.0 = Release|Any CPU
		{399BADDD-9E00-46C0-998F-3051D9BC0192}.Release|x64.ActiveCfg = Release|Any CPU
		{399BADDD-9E00-46C0-998F-3051D9BC0192}.Release|x64.Build.0 = Release|Any CPU
		{399BADDD-9E00-46C0-998F-3051D9BC0192}.Release|x86.ActiveCfg = Release|Any CPU
		{399BADDD-9E00-46C0-998F-3051D9BC0192}.Release|x86.Build.0 = Release|Any CPU
	EndGlobalSection
	GlobalSection(SolutionProperties) = preSolution
		HideSolutionNode = FALSE
	EndGlobalSection
	GlobalSection(ExtensibilityGlobals) = postSolution
		SolutionGuid = {0573C27D-493D-49B2-93BA-6D7C1439D660}
	EndGlobalSection
EndGlobal
